
Microsoft Visual Studio Solution File, Format Version 12.00
# Visual Studio Express 2012 for Windows Desktop
Project("{F184B08F-C81C-45F6-A57F-5ABD9991F28F}") = "DIALTP", "DIALTP.vbproj", "{8F4156CA-165E-4DC4-A5DB-EA5551D2A069}"
EndProject
Project("{F184B08F-C81C-45F6-A57F-5ABD9991F28F}") = "DialTPLib", "..\..\DialTPLib\DialTPLib.vbproj", "{34177944-33FA-495C-9E8A-1089C0DD0889}"
EndProject
Project("{F184B08F-C81C-45F6-A57F-5ABD9991F28F}") = "FinSeAZIP", "..\..\FinSeAZIP\FinSeAZIP.vbproj", "{44EAEA8E-D55C-4449-8339-C0C36F4EBFD9}"
EndProject
Project("{F184B08F-C81C-45F6-A57F-5ABD9991F28F}") = "FinSeAWin32", "..\..\FinSeAWin32\FinSeAWin32.vbproj", "{5E563437-A8A5-44C6-A07F-D6086145052C}"
EndProject
Project("{F184B08F-C81C-45F6-A57F-5ABD9991F28F}") = "FinSeAWebLibs", "..\..\FinSeAWebLibs\FinSeAWebLibs.vbproj", "{28820D4C-D20D-48D1-980F-4C230BC6E95E}"
EndProject
Project("{F184B08F-C81C-45F6-A57F-5ABD9991F28F}") = "FinSeAPDF", "..\..\FinSeAPDF\FinSeAPDF.vbproj", "{8C92EE61-DCA6-49A6-AC98-43316DA4BEB7}"
EndProject
Project("{F184B08F-C81C-45F6-A57F-5ABD9991F28F}") = "FinSeALibs", "..\..\FinSeALibs\FinSeALibs.vbproj", "{D6154502-E7F9-4DFC-A695-6B51AFEE770B}"
EndProject
Project("{F184B08F-C81C-45F6-A57F-5ABD9991F28F}") = "FinSeAHylaFax", "..\..\FinSeAHylaFax\FinSeAHylaFax.vbproj", "{3F04292D-BF8F-4554-97D5-198F072B0364}"
EndProject
Project("{F184B08F-C81C-45F6-A57F-5ABD9991F28F}") = "FinSeACRM", "..\..\FinSeACRM\FinSeACRM.vbproj", "{19E60D51-7D00-43EE-A26B-6E8A37F05C59}"
EndProject
Project("{F184B08F-C81C-45F6-A57F-5ABD9991F28F}") = "FinAsteriskLib", "..\..\FinAsteriskLib\FinAsteriskLib.vbproj", "{198FDF25-464C-4AA2-9060-A9611D23F84C}"
EndProject
Project("{F184B08F-C81C-45F6-A57F-5ABD9991F28F}") = "FinSeAGph", "..\..\FinSeAGph\FinSeAGph.vbproj", "{A2AACACE-51C3-432D-9C24-8943723735B8}"
EndProject
Project("{FAE04EC0-301F-11D3-BF4B-00C04F79EFBC}") = "Zlib DLL", "..\..\Zlib\Zlib DLL.csproj", "{9816BA86-9250-4C00-A912-25F07F8677D1}"
EndProject
Project("{FAE04EC0-301F-11D3-BF4B-00C04F79EFBC}") = "Zip DLL", "..\..\Zip\Zip DLL.csproj", "{D3B0AD67-44D8-4B3D-BED9-CE1FD6DE2C5A}"
EndProject
Project("{F184B08F-C81C-45F6-A57F-5ABD9991F28F}") = "FinSeAJava", "..\..\FinSeAJava\FinSeAJava.vbproj", "{1BCF6F44-A8B3-4ADB-B7EF-A91E7B0493B1}"
EndProject
Global
	GlobalSection(SolutionConfigurationPlatforms) = preSolution
		Debug|Any CPU = Debug|Any CPU
		Debug|x64 = Debug|x64
		Debug|x86 = Debug|x86
		Release|Any CPU = Release|Any CPU
		Release|x64 = Release|x64
		Release|x86 = Release|x86
	EndGlobalSection
	GlobalSection(ProjectConfigurationPlatforms) = postSolution
		{8F4156CA-165E-4DC4-A5DB-EA5551D2A069}.Debug|Any CPU.ActiveCfg = Debug|Any CPU
		{8F4156CA-165E-4DC4-A5DB-EA5551D2A069}.Debug|Any CPU.Build.0 = Debug|Any CPU
		{8F4156CA-165E-4DC4-A5DB-EA5551D2A069}.Debug|x64.ActiveCfg = Debug|x64
		{8F4156CA-165E-4DC4-A5DB-EA5551D2A069}.Debug|x64.Build.0 = Debug|x64
		{8F4156CA-165E-4DC4-A5DB-EA5551D2A069}.Debug|x86.ActiveCfg = Debug|x86
		{8F4156CA-165E-4DC4-A5DB-EA5551D2A069}.Debug|x86.Build.0 = Debug|x86
		{8F4156CA-165E-4DC4-A5DB-EA5551D2A069}.Release|Any CPU.ActiveCfg = Release|Any CPU
		{8F4156CA-165E-4DC4-A5DB-EA5551D2A069}.Release|Any CPU.Build.0 = Release|Any CPU
		{8F4156CA-165E-4DC4-A5DB-EA5551D2A069}.Release|x64.ActiveCfg = Release|x64
		{8F4156CA-165E-4DC4-A5DB-EA5551D2A069}.Release|x64.Build.0 = Release|x64
		{8F4156CA-165E-4DC4-A5DB-EA5551D2A069}.Release|x86.ActiveCfg = Release|x86
		{8F4156CA-165E-4DC4-A5DB-EA5551D2A069}.Release|x86.Build.0 = Release|x86
		{34177944-33FA-495C-9E8A-1089C0DD0889}.Debug|Any CPU.ActiveCfg = Debug|Any CPU
		{34177944-33FA-495C-9E8A-1089C0DD0889}.Debug|Any CPU.Build.0 = Debug|Any CPU
		{34177944-33FA-495C-9E8A-1089C0DD0889}.Debug|x64.ActiveCfg = Debug|Any CPU
		{34177944-33FA-495C-9E8A-1089C0DD0889}.Debug|x86.ActiveCfg = Debug|x86
		{34177944-33FA-495C-9E8A-1089C0DD0889}.Debug|x86.Build.0 = Debug|x86
		{34177944-33FA-495C-9E8A-1089C0DD0889}.Release|Any CPU.ActiveCfg = Release|Any CPU
		{34177944-33FA-495C-9E8A-1089C0DD0889}.Release|Any CPU.Build.0 = Release|Any CPU
		{34177944-33FA-495C-9E8A-1089C0DD0889}.Release|x64.ActiveCfg = Release|Any CPU
		{34177944-33FA-495C-9E8A-1089C0DD0889}.Release|x86.ActiveCfg = Release|x86
		{34177944-33FA-495C-9E8A-1089C0DD0889}.Release|x86.Build.0 = Release|x86
		{44EAEA8E-D55C-4449-8339-C0C36F4EBFD9}.Debug|Any CPU.ActiveCfg = Debug|Any CPU
		{44EAEA8E-D55C-4449-8339-C0C36F4EBFD9}.Debug|Any CPU.Build.0 = Debug|Any CPU
		{44EAEA8E-D55C-4449-8339-C0C36F4EBFD9}.Debug|x64.ActiveCfg = Debug|x64
		{44EAEA8E-D55C-4449-8339-C0C36F4EBFD9}.Debug|x64.Build.0 = Debug|x64
		{44EAEA8E-D55C-4449-8339-C0C36F4EBFD9}.Debug|x86.ActiveCfg = Debug|x86
		{44EAEA8E-D55C-4449-8339-C0C36F4EBFD9}.Debug|x86.Build.0 = Debug|x86
		{44EAEA8E-D55C-4449-8339-C0C36F4EBFD9}.Release|Any CPU.ActiveCfg = Release|Any CPU
		{44EAEA8E-D55C-4449-8339-C0C36F4EBFD9}.Release|Any CPU.Build.0 = Release|Any CPU
		{44EAEA8E-D55C-4449-8339-C0C36F4EBFD9}.Release|x64.ActiveCfg = Release|x64
		{44EAEA8E-D55C-4449-8339-C0C36F4EBFD9}.Release|x64.Build.0 = Release|x64
		{44EAEA8E-D55C-4449-8339-C0C36F4EBFD9}.Release|x86.ActiveCfg = Release|x86
		{44EAEA8E-D55C-4449-8339-C0C36F4EBFD9}.Release|x86.Build.0 = Release|x86
		{5E563437-A8A5-44C6-A07F-D6086145052C}.Debug|Any CPU.ActiveCfg = Debug|Any CPU
		{5E563437-A8A5-44C6-A07F-D6086145052C}.Debug|Any CPU.Build.0 = Debug|Any CPU
		{5E563437-A8A5-44C6-A07F-D6086145052C}.Debug|x64.ActiveCfg = Debug|x64
		{5E563437-A8A5-44C6-A07F-D6086145052C}.Debug|x64.Build.0 = Debug|x64
		{5E563437-A8A5-44C6-A07F-D6086145052C}.Debug|x86.ActiveCfg = Debug|x86
		{5E563437-A8A5-44C6-A07F-D6086145052C}.Debug|x86.Build.0 = Debug|x86
		{5E563437-A8A5-44C6-A07F-D6086145052C}.Release|Any CPU.ActiveCfg = Release|Any CPU
		{5E563437-A8A5-44C6-A07F-D6086145052C}.Release|Any CPU.Build.0 = Release|Any CPU
		{5E563437-A8A5-44C6-A07F-D6086145052C}.Release|x64.ActiveCfg = Release|x64
		{5E563437-A8A5-44C6-A07F-D6086145052C}.Release|x64.Build.0 = Release|x64
		{5E563437-A8A5-44C6-A07F-D6086145052C}.Release|x86.ActiveCfg = Release|x86
		{5E563437-A8A5-44C6-A07F-D6086145052C}.Release|x86.Build.0 = Release|x86
		{28820D4C-D20D-48D1-980F-4C230BC6E95E}.Debug|Any CPU.ActiveCfg = Debug|Any CPU
		{28820D4C-D20D-48D1-980F-4C230BC6E95E}.Debug|Any CPU.Build.0 = Debug|Any CPU
		{28820D4C-D20D-48D1-980F-4C230BC6E95E}.Debug|x64.ActiveCfg = Debug|x64
		{28820D4C-D20D-48D1-980F-4C230BC6E95E}.Debug|x64.Build.0 = Debug|x64
		{28820D4C-D20D-48D1-980F-4C230BC6E95E}.Debug|x86.ActiveCfg = Debug|x86
		{28820D4C-D20D-48D1-980F-4C230BC6E95E}.Debug|x86.Build.0 = Debug|x86
		{28820D4C-D20D-48D1-980F-4C230BC6E95E}.Release|Any CPU.ActiveCfg = Release|Any CPU
		{28820D4C-D20D-48D1-980F-4C230BC6E95E}.Release|Any CPU.Build.0 = Release|Any CPU
		{28820D4C-D20D-48D1-980F-4C230BC6E95E}.Release|x64.ActiveCfg = Release|x64
		{28820D4C-D20D-48D1-980F-4C230BC6E95E}.Release|x64.Build.0 = Release|x64
		{28820D4C-D20D-48D1-980F-4C230BC6E95E}.Release|x86.ActiveCfg = Release|x86
		{28820D4C-D20D-48D1-980F-4C230BC6E95E}.Release|x86.Build.0 = Release|x86
		{8C92EE61-DCA6-49A6-AC98-43316DA4BEB7}.Debug|Any CPU.ActiveCfg = Debug|Any CPU
		{8C92EE61-DCA6-49A6-AC98-43316DA4BEB7}.Debug|Any CPU.Build.0 = Debug|Any CPU
		{8C92EE61-DCA6-49A6-AC98-43316DA4BEB7}.Debug|x64.ActiveCfg = Debug|x64
		{8C92EE61-DCA6-49A6-AC98-43316DA4BEB7}.Debug|x64.Build.0 = Debug|x64
		{8C92EE61-DCA6-49A6-AC98-43316DA4BEB7}.Debug|x86.ActiveCfg = Debug|x86
		{8C92EE61-DCA6-49A6-AC98-43316DA4BEB7}.Debug|x86.Build.0 = Debug|x86
		{8C92EE61-DCA6-49A6-AC98-43316DA4BEB7}.Release|Any CPU.ActiveCfg = Release|Any CPU
		{8C92EE61-DCA6-49A6-AC98-43316DA4BEB7}.Release|Any CPU.Build.0 = Release|Any CPU
		{8C92EE61-DCA6-49A6-AC98-43316DA4BEB7}.Release|x64.ActiveCfg = Release|x64
		{8C92EE61-DCA6-49A6-AC98-43316DA4BEB7}.Release|x64.Build.0 = Release|x64
		{8C92EE61-DCA6-49A6-AC98-43316DA4BEB7}.Release|x86.ActiveCfg = Release|x86
		{8C92EE61-DCA6-49A6-AC98-43316DA4BEB7}.Release|x86.Build.0 = Release|x86
		{D6154502-E7F9-4DFC-A695-6B51AFEE770B}.Debug|Any CPU.ActiveCfg = Debug|Any CPU
		{D6154502-E7F9-4DFC-A695-6B51AFEE770B}.Debug|Any CPU.Build.0 = Debug|Any CPU
		{D6154502-E7F9-4DFC-A695-6B51AFEE770B}.Debug|x64.ActiveCfg = Debug|x64
		{D6154502-E7F9-4DFC-A695-6B51AFEE770B}.Debug|x64.Build.0 = Debug|x64
		{D6154502-E7F9-4DFC-A695-6B51AFEE770B}.Debug|x86.ActiveCfg = Debug|x86
		{D6154502-E7F9-4DFC-A695-6B51AFEE770B}.Debug|x86.Build.0 = Debug|x86
		{D6154502-E7F9-4DFC-A695-6B51AFEE770B}.Release|Any CPU.ActiveCfg = Release|Any CPU
		{D6154502-E7F9-4DFC-A695-6B51AFEE770B}.Release|Any CPU.Build.0 = Release|Any CPU
		{D6154502-E7F9-4DFC-A695-6B51AFEE770B}.Release|x64.ActiveCfg = Release|x64
		{D6154502-E7F9-4DFC-A695-6B51AFEE770B}.Release|x64.Build.0 = Release|x64
		{D6154502-E7F9-4DFC-A695-6B51AFEE770B}.Release|x86.ActiveCfg = Release|x86
		{D6154502-E7F9-4DFC-A695-6B51AFEE770B}.Release|x86.Build.0 = Release|x86
		{3F04292D-BF8F-4554-97D5-198F072B0364}.Debug|Any CPU.ActiveCfg = Debug|Any CPU
		{3F04292D-BF8F-4554-97D5-198F072B0364}.Debug|Any CPU.Build.0 = Debug|Any CPU
		{3F04292D-BF8F-4554-97D5-198F072B0364}.Debug|x64.ActiveCfg = Debug|x64
		{3F04292D-BF8F-4554-97D5-198F072B0364}.Debug|x64.Build.0 = Debug|x64
		{3F04292D-BF8F-4554-97D5-198F072B0364}.Debug|x86.ActiveCfg = Debug|x86
		{3F04292D-BF8F-4554-97D5-198F072B0364}.Debug|x86.Build.0 = Debug|x86
		{3F04292D-BF8F-4554-97D5-198F072B0364}.Release|Any CPU.ActiveCfg = Release|Any CPU
		{3F04292D-BF8F-4554-97D5-198F072B0364}.Release|Any CPU.Build.0 = Release|Any CPU
		{3F04292D-BF8F-4554-97D5-198F072B0364}.Release|x64.ActiveCfg = Release|x64
		{3F04292D-BF8F-4554-97D5-198F072B0364}.Release|x64.Build.0 = Release|x64
		{3F04292D-BF8F-4554-97D5-198F072B0364}.Release|x86.ActiveCfg = Release|x86
		{3F04292D-BF8F-4554-97D5-198F072B0364}.Release|x86.Build.0 = Release|x86
		{19E60D51-7D00-43EE-A26B-6E8A37F05C59}.Debug|Any CPU.ActiveCfg = Debug|Any CPU
		{19E60D51-7D00-43EE-A26B-6E8A37F05C59}.Debug|Any CPU.Build.0 = Debug|Any CPU
		{19E60D51-7D00-43EE-A26B-6E8A37F05C59}.Debug|x64.ActiveCfg = Debug|x64
		{19E60D51-7D00-43EE-A26B-6E8A37F05C59}.Debug|x64.Build.0 = Debug|x64
		{19E60D51-7D00-43EE-A26B-6E8A37F05C59}.Debug|x86.ActiveCfg = Debug|x86
		{19E60D51-7D00-43EE-A26B-6E8A37F05C59}.Debug|x86.Build.0 = Debug|x86
		{19E60D51-7D00-43EE-A26B-6E8A37F05C59}.Release|Any CPU.ActiveCfg = Release|Any CPU
		{19E60D51-7D00-43EE-A26B-6E8A37F05C59}.Release|Any CPU.Build.0 = Release|Any CPU
		{19E60D51-7D00-43EE-A26B-6E8A37F05C59}.Release|x64.ActiveCfg = Release|x64
		{19E60D51-7D00-43EE-A26B-6E8A37F05C59}.Release|x64.Build.0 = Release|x64
		{19E60D51-7D00-43EE-A26B-6E8A37F05C59}.Release|x86.ActiveCfg = Release|x86
		{19E60D51-7D00-43EE-A26B-6E8A37F05C59}.Release|x86.Build.0 = Release|x86
		{198FDF25-464C-4AA2-9060-A9611D23F84C}.Debug|Any CPU.ActiveCfg = Debug|Any CPU
		{198FDF25-464C-4AA2-9060-A9611D23F84C}.Debug|Any CPU.Build.0 = Debug|Any CPU
		{198FDF25-464C-4AA2-9060-A9611D23F84C}.Debug|x64.ActiveCfg = Debug|x64
		{198FDF25-464C-4AA2-9060-A9611D23F84C}.Debug|x64.Build.0 = Debug|x64
		{198FDF25-464C-4AA2-9060-A9611D23F84C}.Debug|x86.ActiveCfg = Debug|x86
		{198FDF25-464C-4AA2-9060-A9611D23F84C}.Debug|x86.Build.0 = Debug|x86
		{198FDF25-464C-4AA2-9060-A9611D23F84C}.Release|Any CPU.ActiveCfg = Release|Any CPU
		{198FDF25-464C-4AA2-9060-A9611D23F84C}.Release|Any CPU.Build.0 = Release|Any CPU
		{198FDF25-464C-4AA2-9060-A9611D23F84C}.Release|x64.ActiveCfg = Release|x64
		{198FDF25-464C-4AA2-9060-A9611D23F84C}.Release|x64.Build.0 = Release|x64
		{198FDF25-464C-4AA2-9060-A9611D23F84C}.Release|x86.ActiveCfg = Release|x86
		{198FDF25-464C-4AA2-9060-A9611D23F84C}.Release|x86.Build.0 = Release|x86
		{A2AACACE-51C3-432D-9C24-8943723735B8}.Debug|Any CPU.ActiveCfg = Debug|Any CPU
		{A2AACACE-51C3-432D-9C24-8943723735B8}.Debug|Any CPU.Build.0 = Debug|Any CPU
		{A2AACACE-51C3-432D-9C24-8943723735B8}.Debug|x64.ActiveCfg = Debug|x64
		{A2AACACE-51C3-432D-9C24-8943723735B8}.Debug|x64.Build.0 = Debug|x64
		{A2AACACE-51C3-432D-9C24-8943723735B8}.Debug|x86.ActiveCfg = Debug|x86
		{A2AACACE-51C3-432D-9C24-8943723735B8}.Debug|x86.Build.0 = Debug|x86
		{A2AACACE-51C3-432D-9C24-8943723735B8}.Release|Any CPU.ActiveCfg = Release|Any CPU
		{A2AACACE-51C3-432D-9C24-8943723735B8}.Release|Any CPU.Build.0 = Release|Any CPU
		{A2AACACE-51C3-432D-9C24-8943723735B8}.Release|x64.ActiveCfg = Release|x64
		{A2AACACE-51C3-432D-9C24-8943723735B8}.Release|x64.Build.0 = Release|x64
		{A2AACACE-51C3-432D-9C24-8943723735B8}.Release|x86.ActiveCfg = Release|x86
		{A2AACACE-51C3-432D-9C24-8943723735B8}.Release|x86.Build.0 = Release|x86
		{9816BA86-9250-4C00-A912-25F07F8677D1}.Debug|Any CPU.ActiveCfg = Debug|Any CPU
		{9816BA86-9250-4C00-A912-25F07F8677D1}.Debug|Any CPU.Build.0 = Debug|Any CPU
		{9816BA86-9250-4C00-A912-25F07F8677D1}.Debug|x64.ActiveCfg = Debug|x64
		{9816BA86-9250-4C00-A912-25F07F8677D1}.Debug|x64.Build.0 = Debug|x64
		{9816BA86-9250-4C00-A912-25F07F8677D1}.Debug|x86.ActiveCfg = Debug|x86
		{9816BA86-9250-4C00-A912-25F07F8677D1}.Debug|x86.Build.0 = Debug|x86
		{9816BA86-9250-4C00-A912-25F07F8677D1}.Release|Any CPU.ActiveCfg = Release|Any CPU
		{9816BA86-9250-4C00-A912-25F07F8677D1}.Release|Any CPU.Build.0 = Release|Any CPU
		{9816BA86-9250-4C00-A912-25F07F8677D1}.Release|x64.ActiveCfg = Release|x64
		{9816BA86-9250-4C00-A912-25F07F8677D1}.Release|x64.Build.0 = Release|x64
		{9816BA86-9250-4C00-A912-25F07F8677D1}.Release|x86.ActiveCfg = Release|x86
		{9816BA86-9250-4C00-A912-25F07F8677D1}.Release|x86.Build.0 = Release|x86
		{D3B0AD67-44D8-4B3D-BED9-CE1FD6DE2C5A}.Debug|Any CPU.ActiveCfg = Debug|Any CPU
		{D3B0AD67-44D8-4B3D-BED9-CE1FD6DE2C5A}.Debug|Any CPU.Build.0 = Debug|Any CPU
		{D3B0AD67-44D8-4B3D-BED9-CE1FD6DE2C5A}.Debug|x64.ActiveCfg = Debug|x64
		{D3B0AD67-44D8-4B3D-BED9-CE1FD6DE2C5A}.Debug|x64.Build.0 = Debug|x64
		{D3B0AD67-44D8-4B3D-BED9-CE1FD6DE2C5A}.Debug|x86.ActiveCfg = Debug|x86
		{D3B0AD67-44D8-4B3D-BED9-CE1FD6DE2C5A}.Debug|x86.Build.0 = Debug|x86
		{D3B0AD67-44D8-4B3D-BED9-CE1FD6DE2C5A}.Release|Any CPU.ActiveCfg = Release|Any CPU
		{D3B0AD67-44D8-4B3D-BED9-CE1FD6DE2C5A}.Release|Any CPU.Build.0 = Release|Any CPU
		{D3B0AD67-44D8-4B3D-BED9-CE1FD6DE2C5A}.Release|x64.ActiveCfg = Release|x64
		{D3B0AD67-44D8-4B3D-BED9-CE1FD6DE2C5A}.Release|x64.Build.0 = Release|x64
		{D3B0AD67-44D8-4B3D-BED9-CE1FD6DE2C5A}.Release|x86.ActiveCfg = Release|x86
		{D3B0AD67-44D8-4B3D-BED9-CE1FD6DE2C5A}.Release|x86.Build.0 = Release|x86
		{1BCF6F44-A8B3-4ADB-B7EF-A91E7B0493B1}.Debug|Any CPU.ActiveCfg = Debug|Any CPU
		{1BCF6F44-A8B3-4ADB-B7EF-A91E7B0493B1}.Debug|Any CPU.Build.0 = Debug|Any CPU
		{1BCF6F44-A8B3-4ADB-B7EF-A91E7B0493B1}.Debug|x64.ActiveCfg = Debug|x64
		{1BCF6F44-A8B3-4ADB-B7EF-A91E7B0493B1}.Debug|x64.Build.0 = Debug|x64
		{1BCF6F44-A8B3-4ADB-B7EF-A91E7B0493B1}.Debug|x86.ActiveCfg = Debug|x86
		{1BCF6F44-A8B3-4ADB-B7EF-A91E7B0493B1}.Debug|x86.Build.0 = Debug|x86
		{1BCF6F44-A8B3-4ADB-B7EF-A91E7B0493B1}.Release|Any CPU.ActiveCfg = Release|Any CPU
		{1BCF6F44-A8B3-4ADB-B7EF-A91E7B0493B1}.Release|Any CPU.Build.0 = Release|Any CPU
		{1BCF6F44-A8B3-4ADB-B7EF-A91E7B0493B1}.Release|x64.ActiveCfg = Release|x64
		{1BCF6F44-A8B3-4ADB-B7EF-A91E7B0493B1}.Release|x64.Build.0 = Release|x64
		{1BCF6F44-A8B3-4ADB-B7EF-A91E7B0493B1}.Release|x86.ActiveCfg = Release|x86
		{1BCF6F44-A8B3-4ADB-B7EF-A91E7B0493B1}.Release|x86.Build.0 = Release|x86
	EndGlobalSection
	GlobalSection(SolutionProperties) = preSolution
		HideSolutionNode = FALSE
	EndGlobalSection
EndGlobal
