
Microsoft Visual Studio Solution File, Format Version 12.00
# Visual Studio 2012
Project("{E24C65DC-7377-472B-9ABA-BC803B73C61A}") = "http://www.prestitora.it", "http://www.prestitora.it", "{031F8F34-46A9-4CDD-86BD-6D2A46CD4407}"
	ProjectSection(WebsiteProperties) = preProject
		Frontpage = "true"
		UseIISExpress = "false"
		TargetFrameworkMoniker = ".NETFramework,Version%3Dv4.0"
		Debug.AspNetCompiler.VirtualPath = "/www.prestitora.it"
		Debug.AspNetCompiler.PhysicalPath = "..\..\..\..\AppData\Local\Temp\VWDWebCache\www.prestitora.it\"
		Debug.AspNetCompiler.TargetPath = "PrecompiledWeb\www.prestitora.it\"
		Debug.AspNetCompiler.Updateable = "true"
		Debug.AspNetCompiler.ForceOverwrite = "true"
		Debug.AspNetCompiler.FixedNames = "false"
		Debug.AspNetCompiler.Debug = "True"
		Release.AspNetCompiler.VirtualPath = "/www.prestitora.it"
		Release.AspNetCompiler.PhysicalPath = "..\..\..\..\AppData\Local\Temp\VWDWebCache\www.prestitora.it\"
		Release.AspNetCompiler.TargetPath = "PrecompiledWeb\www.prestitora.it\"
		Release.AspNetCompiler.Updateable = "true"
		Release.AspNetCompiler.ForceOverwrite = "true"
		Release.AspNetCompiler.FixedNames = "false"
		Release.AspNetCompiler.Debug = "False"
	EndProjectSection
EndProject
Global
	GlobalSection(SolutionConfigurationPlatforms) = preSolution
		Debug|Any CPU = Debug|Any CPU
	EndGlobalSection
	GlobalSection(ProjectConfigurationPlatforms) = postSolution
		{031F8F34-46A9-4CDD-86BD-6D2A46CD4407}.Debug|Any CPU.ActiveCfg = Debug|Any CPU
		{031F8F34-46A9-4CDD-86BD-6D2A46CD4407}.Debug|Any CPU.Build.0 = Debug|Any CPU
	EndGlobalSection
	GlobalSection(SolutionProperties) = preSolution
		HideSolutionNode = FALSE
	EndGlobalSection
EndGlobal
